{
  "nodes": {
    "nixpkgs": {
      "locked": {
        "lastModified": 1742975048,
        "narHash": "sha256-23FFj0652nS2aFC1TnncmD53yDtgT/j90vZuzpWWacA=",
        "owner": "nixos",
        "repo": "nixpkgs",
        "rev": "99c7f9f160ebb27c18443dc6106e9fe06d139e8c",
        "type": "github"
      },
      "original": {
        "owner": "nixos",
        "repo": "nixpkgs",
        "type": "github"
      }
    },
    "root": {
      "inputs": {
        "nixpkgs": "nixpkgs"
      }
    }
  },
  "root": "root",
  "version": 7
}
